
Microsoft Visual Studio Solution File, Format Version 12.00
# Visual Studio Version 16
VisualStudioVersion = 16.0.30804.86
MinimumVisualStudioVersion = 10.0.40219.1
Project("{FAE04EC0-301F-11D3-BF4B-00C04F79EFBC}") = "PredictBikeDemand", "PredictBikeDemand\PredictBikeDemand.csproj", "{C67684A6-84A0-4A5D-8E59-92ED6EEC7B36}"
EndProject
Project("{FAE04EC0-301F-11D3-BF4B-00C04F79EFBC}") = "BikeDemand.Api", "BikeDemand.Api\BikeDemand.Api.csproj", "{32BB6FE2-9A68-4AE0-A3D8-0950038B6AC0}"
EndProject
Project("{FAE04EC0-301F-11D3-BF4B-00C04F79EFBC}") = "ForecastingBikeDemand", "ForecastingBikeDemand\ForecastingBikeDemand.csproj", "{3E1D4893-A825-4FE4-B3A1-8A505CAA3C6E}"
EndProject
Global
	GlobalSection(SolutionConfigurationPlatforms) = preSolution
		Debug|Any CPU = Debug|Any CPU
		Release|Any CPU = Release|Any CPU
	EndGlobalSection
	GlobalSection(ProjectConfigurationPlatforms) = postSolution
		{C67684A6-84A0-4A5D-8E59-92ED6EEC7B36}.Debug|Any CPU.ActiveCfg = Debug|Any CPU
		{C67684A6-84A0-4A5D-8E59-92ED6EEC7B36}.Debug|Any CPU.Build.0 = Debug|Any CPU
		{C67684A6-84A0-4A5D-8E59-92ED6EEC7B36}.Release|Any CPU.ActiveCfg = Release|Any CPU
		{C67684A6-84A0-4A5D-8E59-92ED6EEC7B36}.Release|Any CPU.Build.0 = Release|Any CPU
		{32BB6FE2-9A68-4AE0-A3D8-0950038B6AC0}.Debug|Any CPU.ActiveCfg = Debug|Any CPU
		{32BB6FE2-9A68-4AE0-A3D8-0950038B6AC0}.Debug|Any CPU.Build.0 = Debug|Any CPU
		{32BB6FE2-9A68-4AE0-A3D8-0950038B6AC0}.Release|Any CPU.ActiveCfg = Release|Any CPU
		{32BB6FE2-9A68-4AE0-A3D8-0950038B6AC0}.Release|Any CPU.Build.0 = Release|Any CPU
		{3E1D4893-A825-4FE4-B3A1-8A505CAA3C6E}.Debug|Any CPU.ActiveCfg = Debug|Any CPU
		{3E1D4893-A825-4FE4-B3A1-8A505CAA3C6E}.Debug|Any CPU.Build.0 = Debug|Any CPU
		{3E1D4893-A825-4FE4-B3A1-8A505CAA3C6E}.Release|Any CPU.ActiveCfg = Release|Any CPU
		{3E1D4893-A825-4FE4-B3A1-8A505CAA3C6E}.Release|Any CPU.Build.0 = Release|Any CPU
	EndGlobalSection
	GlobalSection(SolutionProperties) = preSolution
		HideSolutionNode = FALSE
	EndGlobalSection
	GlobalSection(ExtensibilityGlobals) = postSolution
		SolutionGuid = {ACA2321D-9132-4837-96AE-9F7F63121401}
	EndGlobalSection
EndGlobal
